
Microsoft Visual Studio Solution File, Format Version 12.00
# Visual Studio Version 17
VisualStudioVersion = 17.2.32526.322
MinimumVisualStudioVersion = 10.0.40219.1
Project("{FAE04EC0-301F-11D3-BF4B-00C04F79EFBC}") = "MVCHome", "MVCHome\MVCHome.csproj", "{804A0E42-E4F7-4A07-AF0B-4CB5046E2CE1}"
EndProject
Global
	GlobalSection(SolutionConfigurationPlatforms) = preSolution
		Debug|Any CPU = Debug|Any CPU
		Release|Any CPU = Release|Any CPU
	EndGlobalSection
	GlobalSection(ProjectConfigurationPlatforms) = postSolution
		{804A0E42-E4F7-4A07-AF0B-4CB5046E2CE1}.Debug|Any CPU.ActiveCfg = Debug|Any CPU
		{804A0E42-E4F7-4A07-AF0B-4CB5046E2CE1}.Debug|Any CPU.Build.0 = Debug|Any CPU
		{804A0E42-E4F7-4A07-AF0B-4CB5046E2CE1}.Release|Any CPU.ActiveCfg = Release|Any CPU
		{804A0E42-E4F7-4A07-AF0B-4CB5046E2CE1}.Release|Any CPU.Build.0 = Release|Any CPU
	EndGlobalSection
	GlobalSection(SolutionProperties) = preSolution
		HideSolutionNode = FALSE
	EndGlobalSection
	GlobalSection(ExtensibilityGlobals) = postSolution
		SolutionGuid = {D3ED24DA-5152-47F0-9471-F998AA8249DE}
	EndGlobalSection
EndGlobal
